
Microsoft Visual Studio Solution File, Format Version 12.00
# Visual Studio Version 16
VisualStudioVersion = 16.0.30907.101
MinimumVisualStudioVersion = 10.0.40219.1
Project("{FAE04EC0-301F-11D3-BF4B-00C04F79EFBC}") = "PSI_MyImage", "PSI_MyImage\PSI_MyImage.csproj", "{24B371DB-6828-424E-A960-10532DAE74FC}"
EndProject
Global
	GlobalSection(SolutionConfigurationPlatforms) = preSolution
		Debug|Any CPU = Debug|Any CPU
		Release|Any CPU = Release|Any CPU
	EndGlobalSection
	GlobalSection(ProjectConfigurationPlatforms) = postSolution
		{24B371DB-6828-424E-A960-10532DAE74FC}.Debug|Any CPU.ActiveCfg = Debug|Any CPU
		{24B371DB-6828-424E-A960-10532DAE74FC}.Debug|Any CPU.Build.0 = Debug|Any CPU
		{24B371DB-6828-424E-A960-10532DAE74FC}.Release|Any CPU.ActiveCfg = Release|Any CPU
		{24B371DB-6828-424E-A960-10532DAE74FC}.Release|Any CPU.Build.0 = Release|Any CPU
	EndGlobalSection
	GlobalSection(SolutionProperties) = preSolution
		HideSolutionNode = FALSE
	EndGlobalSection
	GlobalSection(ExtensibilityGlobals) = postSolution
		SolutionGuid = {49284D98-A943-442C-BB5C-F3BD98236FC7}
	EndGlobalSection
EndGlobal
